
Microsoft Visual Studio Solution File, Format Version 12.00
# Visual Studio 15
Project("{FAE04EC0-301F-11D3-BF4B-00C04F79EFBC}") = "Assembly-CSharp", "Assembly-CSharp.csproj", "{DC20972A-DF6E-65AD-8D81-9D266D9523D9}"
EndProject
Project("{FAE04EC0-301F-11D3-BF4B-00C04F79EFBC}") = "Assembly-CSharp-Editor", "Assembly-CSharp-Editor.csproj", "{1C4C554A-C927-73A7-4A77-9C4FBAE5EC4C}"
EndProject
Global
	GlobalSection(SolutionConfigurationPlatforms) = preSolution
		Debug|Any CPU = Debug|Any CPU
		Release|Any CPU = Release|Any CPU
	EndGlobalSection
	GlobalSection(ProjectConfigurationPlatforms) = postSolution
		{DC20972A-DF6E-65AD-8D81-9D266D9523D9}.Debug|Any CPU.ActiveCfg = Debug|Any CPU
		{DC20972A-DF6E-65AD-8D81-9D266D9523D9}.Debug|Any CPU.Build.0 = Debug|Any CPU
		{DC20972A-DF6E-65AD-8D81-9D266D9523D9}.Release|Any CPU.ActiveCfg = Release|Any CPU
		{DC20972A-DF6E-65AD-8D81-9D266D9523D9}.Release|Any CPU.Build.0 = Release|Any CPU
		{1C4C554A-C927-73A7-4A77-9C4FBAE5EC4C}.Debug|Any CPU.ActiveCfg = Debug|Any CPU
		{1C4C554A-C927-73A7-4A77-9C4FBAE5EC4C}.Debug|Any CPU.Build.0 = Debug|Any CPU
		{1C4C554A-C927-73A7-4A77-9C4FBAE5EC4C}.Release|Any CPU.ActiveCfg = Release|Any CPU
		{1C4C554A-C927-73A7-4A77-9C4FBAE5EC4C}.Release|Any CPU.Build.0 = Release|Any CPU
	EndGlobalSection
	GlobalSection(SolutionProperties) = preSolution
		HideSolutionNode = FALSE
	EndGlobalSection
EndGlobal
